
Microsoft Visual Studio Solution File, Format Version 12.00
# Visual Studio Version 16
VisualStudioVersion = 16.0.30002.166
MinimumVisualStudioVersion = 10.0.40219.1
Project("{FAE04EC0-301F-11D3-BF4B-00C04F79EFBC}") = "ConsoleUI", "ConsoleUI\ConsoleUI.csproj", "{0C2E2314-26B6-4BAE-9DC3-6B376AA01F7E}"
EndProject
Global
	GlobalSection(SolutionConfigurationPlatforms) = preSolution
		Debug|Any CPU = Debug|Any CPU
		Release|Any CPU = Release|Any CPU
	EndGlobalSection
	GlobalSection(ProjectConfigurationPlatforms) = postSolution
		{0C2E2314-26B6-4BAE-9DC3-6B376AA01F7E}.Debug|Any CPU.ActiveCfg = Debug|Any CPU
		{0C2E2314-26B6-4BAE-9DC3-6B376AA01F7E}.Debug|Any CPU.Build.0 = Debug|Any CPU
		{0C2E2314-26B6-4BAE-9DC3-6B376AA01F7E}.Release|Any CPU.ActiveCfg = Release|Any CPU
		{0C2E2314-26B6-4BAE-9DC3-6B376AA01F7E}.Release|Any CPU.Build.0 = Release|Any CPU
	EndGlobalSection
	GlobalSection(SolutionProperties) = preSolution
		HideSolutionNode = FALSE
	EndGlobalSection
	GlobalSection(ExtensibilityGlobals) = postSolution
		SolutionGuid = {6ABA7E53-FB94-4FCC-80C4-F2B8A2270A31}
	EndGlobalSection
EndGlobal
