
Microsoft Visual Studio Solution File, Format Version 12.00
# Visual Studio Version 16
VisualStudioVersion = 16.0.29926.136
MinimumVisualStudioVersion = 10.0.40219.1
Project("{FAE04EC0-301F-11D3-BF4B-00C04F79EFBC}") = "ConsoleUI", "ConsoleUI\ConsoleUI.csproj", "{BD1AF032-EAB2-45F6-8239-275E3784FF40}"
EndProject
Global
	GlobalSection(SolutionConfigurationPlatforms) = preSolution
		Debug|Any CPU = Debug|Any CPU
		Release|Any CPU = Release|Any CPU
	EndGlobalSection
	GlobalSection(ProjectConfigurationPlatforms) = postSolution
		{BD1AF032-EAB2-45F6-8239-275E3784FF40}.Debug|Any CPU.ActiveCfg = Debug|Any CPU
		{BD1AF032-EAB2-45F6-8239-275E3784FF40}.Debug|Any CPU.Build.0 = Debug|Any CPU
		{BD1AF032-EAB2-45F6-8239-275E3784FF40}.Release|Any CPU.ActiveCfg = Release|Any CPU
		{BD1AF032-EAB2-45F6-8239-275E3784FF40}.Release|Any CPU.Build.0 = Release|Any CPU
	EndGlobalSection
	GlobalSection(SolutionProperties) = preSolution
		HideSolutionNode = FALSE
	EndGlobalSection
	GlobalSection(ExtensibilityGlobals) = postSolution
		SolutionGuid = {704662A0-7AC6-4123-9F4A-4AE86144A21A}
	EndGlobalSection
EndGlobal
