
Microsoft Visual Studio Solution File, Format Version 12.00
# Visual Studio 15
VisualStudioVersion = 15.0.28010.2050
MinimumVisualStudioVersion = 10.0.40219.1
Project("{00D1A9C2-B5F0-4AF3-8072-F6C62B433612}") = "DapperDemoDB", "DapperDemoDB\DapperDemoDB.sqlproj", "{81B5F5DA-D8F7-456F-9F5C-45D3AAA2791A}"
EndProject
Project("{FAE04EC0-301F-11D3-BF4B-00C04F79EFBC}") = "WinFormApp", "WinFormApp\WinFormApp.csproj", "{2E2BDB20-8771-41EE-AEAF-62C20EA56C70}"
EndProject
Project("{FAE04EC0-301F-11D3-BF4B-00C04F79EFBC}") = "ConsoleApp", "ConsoleApp\ConsoleApp.csproj", "{0BA17008-ADC8-4080-B499-69101E8F176E}"
EndProject
Global
	GlobalSection(SolutionConfigurationPlatforms) = preSolution
		Debug|Any CPU = Debug|Any CPU
		Release|Any CPU = Release|Any CPU
	EndGlobalSection
	GlobalSection(ProjectConfigurationPlatforms) = postSolution
		{81B5F5DA-D8F7-456F-9F5C-45D3AAA2791A}.Debug|Any CPU.ActiveCfg = Debug|Any CPU
		{81B5F5DA-D8F7-456F-9F5C-45D3AAA2791A}.Debug|Any CPU.Build.0 = Debug|Any CPU
		{81B5F5DA-D8F7-456F-9F5C-45D3AAA2791A}.Debug|Any CPU.Deploy.0 = Debug|Any CPU
		{81B5F5DA-D8F7-456F-9F5C-45D3AAA2791A}.Release|Any CPU.ActiveCfg = Release|Any CPU
		{81B5F5DA-D8F7-456F-9F5C-45D3AAA2791A}.Release|Any CPU.Build.0 = Release|Any CPU
		{81B5F5DA-D8F7-456F-9F5C-45D3AAA2791A}.Release|Any CPU.Deploy.0 = Release|Any CPU
		{2E2BDB20-8771-41EE-AEAF-62C20EA56C70}.Debug|Any CPU.ActiveCfg = Debug|Any CPU
		{2E2BDB20-8771-41EE-AEAF-62C20EA56C70}.Debug|Any CPU.Build.0 = Debug|Any CPU
		{2E2BDB20-8771-41EE-AEAF-62C20EA56C70}.Release|Any CPU.ActiveCfg = Release|Any CPU
		{2E2BDB20-8771-41EE-AEAF-62C20EA56C70}.Release|Any CPU.Build.0 = Release|Any CPU
		{0BA17008-ADC8-4080-B499-69101E8F176E}.Debug|Any CPU.ActiveCfg = Debug|Any CPU
		{0BA17008-ADC8-4080-B499-69101E8F176E}.Debug|Any CPU.Build.0 = Debug|Any CPU
		{0BA17008-ADC8-4080-B499-69101E8F176E}.Release|Any CPU.ActiveCfg = Release|Any CPU
		{0BA17008-ADC8-4080-B499-69101E8F176E}.Release|Any CPU.Build.0 = Release|Any CPU
	EndGlobalSection
	GlobalSection(SolutionProperties) = preSolution
		HideSolutionNode = FALSE
	EndGlobalSection
	GlobalSection(ExtensibilityGlobals) = postSolution
		SolutionGuid = {99953CCC-5957-46AA-BBF4-F5FF95399A31}
	EndGlobalSection
EndGlobal
