
Microsoft Visual Studio Solution File, Format Version 12.00
# Visual Studio Version 16
VisualStudioVersion = 16.0.29905.134
MinimumVisualStudioVersion = 10.0.40219.1
Project("{FAE04EC0-301F-11D3-BF4B-00C04F79EFBC}") = "ConsoleUI", "ConsoleUI\ConsoleUI.csproj", "{4B396D2B-4FA9-43C9-BB4D-E5B012A62BDE}"
EndProject
Global
	GlobalSection(SolutionConfigurationPlatforms) = preSolution
		Debug|Any CPU = Debug|Any CPU
		Release|Any CPU = Release|Any CPU
	EndGlobalSection
	GlobalSection(ProjectConfigurationPlatforms) = postSolution
		{4B396D2B-4FA9-43C9-BB4D-E5B012A62BDE}.Debug|Any CPU.ActiveCfg = Debug|Any CPU
		{4B396D2B-4FA9-43C9-BB4D-E5B012A62BDE}.Debug|Any CPU.Build.0 = Debug|Any CPU
		{4B396D2B-4FA9-43C9-BB4D-E5B012A62BDE}.Release|Any CPU.ActiveCfg = Release|Any CPU
		{4B396D2B-4FA9-43C9-BB4D-E5B012A62BDE}.Release|Any CPU.Build.0 = Release|Any CPU
	EndGlobalSection
	GlobalSection(SolutionProperties) = preSolution
		HideSolutionNode = FALSE
	EndGlobalSection
	GlobalSection(ExtensibilityGlobals) = postSolution
		SolutionGuid = {4C6472DA-9068-45E6-A74E-CD91C8649C21}
	EndGlobalSection
EndGlobal
