
Microsoft Visual Studio Solution File, Format Version 12.00
# Visual Studio Version 16
VisualStudioVersion = 16.0.29920.165
MinimumVisualStudioVersion = 10.0.40219.1
Project("{FAE04EC0-301F-11D3-BF4B-00C04F79EFBC}") = "ConsoleUI", "ConsoleUI\ConsoleUI.csproj", "{5B1F345D-2B21-4D40-B513-92A48074BCFD}"
EndProject
Global
	GlobalSection(SolutionConfigurationPlatforms) = preSolution
		Debug|Any CPU = Debug|Any CPU
		Release|Any CPU = Release|Any CPU
	EndGlobalSection
	GlobalSection(ProjectConfigurationPlatforms) = postSolution
		{5B1F345D-2B21-4D40-B513-92A48074BCFD}.Debug|Any CPU.ActiveCfg = Debug|Any CPU
		{5B1F345D-2B21-4D40-B513-92A48074BCFD}.Debug|Any CPU.Build.0 = Debug|Any CPU
		{5B1F345D-2B21-4D40-B513-92A48074BCFD}.Release|Any CPU.ActiveCfg = Release|Any CPU
		{5B1F345D-2B21-4D40-B513-92A48074BCFD}.Release|Any CPU.Build.0 = Release|Any CPU
	EndGlobalSection
	GlobalSection(SolutionProperties) = preSolution
		HideSolutionNode = FALSE
	EndGlobalSection
	GlobalSection(ExtensibilityGlobals) = postSolution
		SolutionGuid = {02619240-70FC-46D0-AA9F-476E6B04A845}
	EndGlobalSection
EndGlobal
