
Microsoft Visual Studio Solution File, Format Version 12.00
# Visual Studio Version 16
VisualStudioVersion = 16.0.28902.138
MinimumVisualStudioVersion = 10.0.40219.1
Project("{9A19103F-16F7-4668-BE54-9A1E7A4F7556}") = "CalculationsLibrary", "CalculationsLibrary\CalculationsLibrary.csproj", "{F56C73DF-02A9-4577-A24B-D6D031E027C4}"
EndProject
Project("{FAE04EC0-301F-11D3-BF4B-00C04F79EFBC}") = "CalculatorLibrary.Test", "CalculatorLibrary.Test\CalculatorLibrary.Test.csproj", "{A0A8849E-BEC5-4541-BEE4-6EE8E61DBC69}"
EndProject
Global
	GlobalSection(SolutionConfigurationPlatforms) = preSolution
		Debug|Any CPU = Debug|Any CPU
		Release|Any CPU = Release|Any CPU
	EndGlobalSection
	GlobalSection(ProjectConfigurationPlatforms) = postSolution
		{F56C73DF-02A9-4577-A24B-D6D031E027C4}.Debug|Any CPU.ActiveCfg = Debug|Any CPU
		{F56C73DF-02A9-4577-A24B-D6D031E027C4}.Debug|Any CPU.Build.0 = Debug|Any CPU
		{F56C73DF-02A9-4577-A24B-D6D031E027C4}.Release|Any CPU.ActiveCfg = Release|Any CPU
		{F56C73DF-02A9-4577-A24B-D6D031E027C4}.Release|Any CPU.Build.0 = Release|Any CPU
		{A0A8849E-BEC5-4541-BEE4-6EE8E61DBC69}.Debug|Any CPU.ActiveCfg = Debug|Any CPU
		{A0A8849E-BEC5-4541-BEE4-6EE8E61DBC69}.Debug|Any CPU.Build.0 = Debug|Any CPU
		{A0A8849E-BEC5-4541-BEE4-6EE8E61DBC69}.Release|Any CPU.ActiveCfg = Release|Any CPU
		{A0A8849E-BEC5-4541-BEE4-6EE8E61DBC69}.Release|Any CPU.Build.0 = Release|Any CPU
	EndGlobalSection
	GlobalSection(SolutionProperties) = preSolution
		HideSolutionNode = FALSE
	EndGlobalSection
	GlobalSection(ExtensibilityGlobals) = postSolution
		SolutionGuid = {0E9C6D58-B7A8-4232-8C1E-8828B0FDEDF4}
	EndGlobalSection
EndGlobal
