
Microsoft Visual Studio Solution File, Format Version 12.00
# Visual Studio Version 16
VisualStudioVersion = 16.0.29920.165
MinimumVisualStudioVersion = 10.0.40219.1
Project("{FAE04EC0-301F-11D3-BF4B-00C04F79EFBC}") = "DesktopUI", "DesktopUI\DesktopUI.csproj", "{B6F9D627-B7C9-4DE1-95A6-76F6235D494F}"
EndProject
Global
	GlobalSection(SolutionConfigurationPlatforms) = preSolution
		Debug|Any CPU = Debug|Any CPU
		Release|Any CPU = Release|Any CPU
	EndGlobalSection
	GlobalSection(ProjectConfigurationPlatforms) = postSolution
		{B6F9D627-B7C9-4DE1-95A6-76F6235D494F}.Debug|Any CPU.ActiveCfg = Debug|Any CPU
		{B6F9D627-B7C9-4DE1-95A6-76F6235D494F}.Debug|Any CPU.Build.0 = Debug|Any CPU
		{B6F9D627-B7C9-4DE1-95A6-76F6235D494F}.Release|Any CPU.ActiveCfg = Release|Any CPU
		{B6F9D627-B7C9-4DE1-95A6-76F6235D494F}.Release|Any CPU.Build.0 = Release|Any CPU
	EndGlobalSection
	GlobalSection(SolutionProperties) = preSolution
		HideSolutionNode = FALSE
	EndGlobalSection
	GlobalSection(ExtensibilityGlobals) = postSolution
		SolutionGuid = {E9E56F77-CC84-4A76-8142-83E56F75D059}
	EndGlobalSection
EndGlobal
