
Microsoft Visual Studio Solution File, Format Version 12.00
# Visual Studio Version 16
VisualStudioVersion = 16.0.30002.166
MinimumVisualStudioVersion = 10.0.40219.1
Project("{FAE04EC0-301F-11D3-BF4B-00C04F79EFBC}") = "ConsoleUI", "ConsoleUI\ConsoleUI.csproj", "{38197EF2-20B8-4144-8746-14A4A743FB1D}"
EndProject
Global
	GlobalSection(SolutionConfigurationPlatforms) = preSolution
		Debug|Any CPU = Debug|Any CPU
		Release|Any CPU = Release|Any CPU
	EndGlobalSection
	GlobalSection(ProjectConfigurationPlatforms) = postSolution
		{38197EF2-20B8-4144-8746-14A4A743FB1D}.Debug|Any CPU.ActiveCfg = Debug|Any CPU
		{38197EF2-20B8-4144-8746-14A4A743FB1D}.Debug|Any CPU.Build.0 = Debug|Any CPU
		{38197EF2-20B8-4144-8746-14A4A743FB1D}.Release|Any CPU.ActiveCfg = Release|Any CPU
		{38197EF2-20B8-4144-8746-14A4A743FB1D}.Release|Any CPU.Build.0 = Release|Any CPU
	EndGlobalSection
	GlobalSection(SolutionProperties) = preSolution
		HideSolutionNode = FALSE
	EndGlobalSection
	GlobalSection(ExtensibilityGlobals) = postSolution
		SolutionGuid = {D53E8BCD-0756-4BBB-ACBE-C1AC30EE5BFC}
	EndGlobalSection
EndGlobal
