
Microsoft Visual Studio Solution File, Format Version 12.00
# Visual Studio Version 16
VisualStudioVersion = 16.0.29905.134
MinimumVisualStudioVersion = 10.0.40219.1
Project("{FAE04EC0-301F-11D3-BF4B-00C04F79EFBC}") = "ConsoleUI", "ConsoleUI\ConsoleUI.csproj", "{911A491A-5513-486C-860B-F5BBA64611A6}"
EndProject
Global
	GlobalSection(SolutionConfigurationPlatforms) = preSolution
		Debug|Any CPU = Debug|Any CPU
		Release|Any CPU = Release|Any CPU
	EndGlobalSection
	GlobalSection(ProjectConfigurationPlatforms) = postSolution
		{911A491A-5513-486C-860B-F5BBA64611A6}.Debug|Any CPU.ActiveCfg = Debug|Any CPU
		{911A491A-5513-486C-860B-F5BBA64611A6}.Debug|Any CPU.Build.0 = Debug|Any CPU
		{911A491A-5513-486C-860B-F5BBA64611A6}.Release|Any CPU.ActiveCfg = Release|Any CPU
		{911A491A-5513-486C-860B-F5BBA64611A6}.Release|Any CPU.Build.0 = Release|Any CPU
	EndGlobalSection
	GlobalSection(SolutionProperties) = preSolution
		HideSolutionNode = FALSE
	EndGlobalSection
	GlobalSection(ExtensibilityGlobals) = postSolution
		SolutionGuid = {2DB51657-E691-46B5-AFBA-60E87EB36E12}
	EndGlobalSection
EndGlobal
