
Microsoft Visual Studio Solution File, Format Version 12.00
# Visual Studio 15
VisualStudioVersion = 15.0.28307.106
MinimumVisualStudioVersion = 10.0.40219.1
Project("{FAE04EC0-301F-11D3-BF4B-00C04F79EFBC}") = "PillReminderUI", "PillReminderUI\PillReminderUI.csproj", "{99935DFC-B5F0-4095-BA04-D6FA87B13B8C}"
EndProject
Global
	GlobalSection(SolutionConfigurationPlatforms) = preSolution
		Debug|Any CPU = Debug|Any CPU
		Release|Any CPU = Release|Any CPU
	EndGlobalSection
	GlobalSection(ProjectConfigurationPlatforms) = postSolution
		{99935DFC-B5F0-4095-BA04-D6FA87B13B8C}.Debug|Any CPU.ActiveCfg = Debug|Any CPU
		{99935DFC-B5F0-4095-BA04-D6FA87B13B8C}.Debug|Any CPU.Build.0 = Debug|Any CPU
		{99935DFC-B5F0-4095-BA04-D6FA87B13B8C}.Release|Any CPU.ActiveCfg = Release|Any CPU
		{99935DFC-B5F0-4095-BA04-D6FA87B13B8C}.Release|Any CPU.Build.0 = Release|Any CPU
	EndGlobalSection
	GlobalSection(SolutionProperties) = preSolution
		HideSolutionNode = FALSE
	EndGlobalSection
	GlobalSection(ExtensibilityGlobals) = postSolution
		SolutionGuid = {8AB4AA33-09E2-4DFA-9BD4-A2F86BAE3A0E}
	EndGlobalSection
EndGlobal
