
Microsoft Visual Studio Solution File, Format Version 12.00
# Visual Studio 15
VisualStudioVersion = 15.0.28010.2048
MinimumVisualStudioVersion = 10.0.40219.1
Project("{FAE04EC0-301F-11D3-BF4B-00C04F79EFBC}") = "TextFileChallenge", "TextFileChallenge\TextFileChallenge.csproj", "{E8F410AB-862F-4A71-A460-672DC547C756}"
EndProject
Global
	GlobalSection(SolutionConfigurationPlatforms) = preSolution
		Debug|Any CPU = Debug|Any CPU
		Release|Any CPU = Release|Any CPU
	EndGlobalSection
	GlobalSection(ProjectConfigurationPlatforms) = postSolution
		{E8F410AB-862F-4A71-A460-672DC547C756}.Debug|Any CPU.ActiveCfg = Debug|Any CPU
		{E8F410AB-862F-4A71-A460-672DC547C756}.Debug|Any CPU.Build.0 = Debug|Any CPU
		{E8F410AB-862F-4A71-A460-672DC547C756}.Release|Any CPU.ActiveCfg = Release|Any CPU
		{E8F410AB-862F-4A71-A460-672DC547C756}.Release|Any CPU.Build.0 = Release|Any CPU
	EndGlobalSection
	GlobalSection(SolutionProperties) = preSolution
		HideSolutionNode = FALSE
	EndGlobalSection
	GlobalSection(ExtensibilityGlobals) = postSolution
		SolutionGuid = {DC141D37-09E3-4442-8EFB-D649A6F1D6B1}
	EndGlobalSection
EndGlobal
