
Microsoft Visual Studio Solution File, Format Version 12.00
# Visual Studio Version 16
VisualStudioVersion = 16.0.29728.190
MinimumVisualStudioVersion = 10.0.40219.1
Project("{FAE04EC0-301F-11D3-BF4B-00C04F79EFBC}") = "ConsoleUI", "ConsoleUI\ConsoleUI.csproj", "{90C7EB1B-70DF-47F0-B79B-0B3144CAEF84}"
EndProject
Global
	GlobalSection(SolutionConfigurationPlatforms) = preSolution
		Debug|Any CPU = Debug|Any CPU
		Release|Any CPU = Release|Any CPU
	EndGlobalSection
	GlobalSection(ProjectConfigurationPlatforms) = postSolution
		{90C7EB1B-70DF-47F0-B79B-0B3144CAEF84}.Debug|Any CPU.ActiveCfg = Debug|Any CPU
		{90C7EB1B-70DF-47F0-B79B-0B3144CAEF84}.Debug|Any CPU.Build.0 = Debug|Any CPU
		{90C7EB1B-70DF-47F0-B79B-0B3144CAEF84}.Release|Any CPU.ActiveCfg = Release|Any CPU
		{90C7EB1B-70DF-47F0-B79B-0B3144CAEF84}.Release|Any CPU.Build.0 = Release|Any CPU
	EndGlobalSection
	GlobalSection(SolutionProperties) = preSolution
		HideSolutionNode = FALSE
	EndGlobalSection
	GlobalSection(ExtensibilityGlobals) = postSolution
		SolutionGuid = {E91AC71F-480C-49C3-A6C4-B3494F8F56EC}
	EndGlobalSection
EndGlobal
