
Microsoft Visual Studio Solution File, Format Version 12.00
# Visual Studio 15
VisualStudioVersion = 15.0.28307.106
MinimumVisualStudioVersion = 10.0.40219.1
Project("{FAE04EC0-301F-11D3-BF4B-00C04F79EFBC}") = "ConsoleUI", "ConsoleUI\ConsoleUI.csproj", "{09D92018-2186-4F30-816B-7CC2180AFFCE}"
EndProject
Global
	GlobalSection(SolutionConfigurationPlatforms) = preSolution
		Debug|Any CPU = Debug|Any CPU
		Release|Any CPU = Release|Any CPU
	EndGlobalSection
	GlobalSection(ProjectConfigurationPlatforms) = postSolution
		{09D92018-2186-4F30-816B-7CC2180AFFCE}.Debug|Any CPU.ActiveCfg = Debug|Any CPU
		{09D92018-2186-4F30-816B-7CC2180AFFCE}.Debug|Any CPU.Build.0 = Debug|Any CPU
		{09D92018-2186-4F30-816B-7CC2180AFFCE}.Release|Any CPU.ActiveCfg = Release|Any CPU
		{09D92018-2186-4F30-816B-7CC2180AFFCE}.Release|Any CPU.Build.0 = Release|Any CPU
	EndGlobalSection
	GlobalSection(SolutionProperties) = preSolution
		HideSolutionNode = FALSE
	EndGlobalSection
	GlobalSection(ExtensibilityGlobals) = postSolution
		SolutionGuid = {E8043B7E-31D9-4967-81B9-25E09D8EC83B}
	EndGlobalSection
EndGlobal
