
Microsoft Visual Studio Solution File, Format Version 12.00
# Visual Studio Version 16
VisualStudioVersion = 16.0.29920.165
MinimumVisualStudioVersion = 10.0.40219.1
Project("{FAE04EC0-301F-11D3-BF4B-00C04F79EFBC}") = "ConsoleUI", "ConsoleUI\ConsoleUI.csproj", "{2647F2B5-C6C0-4E6B-8983-5EC307957C68}"
EndProject
Global
	GlobalSection(SolutionConfigurationPlatforms) = preSolution
		Debug|Any CPU = Debug|Any CPU
		Release|Any CPU = Release|Any CPU
	EndGlobalSection
	GlobalSection(ProjectConfigurationPlatforms) = postSolution
		{2647F2B5-C6C0-4E6B-8983-5EC307957C68}.Debug|Any CPU.ActiveCfg = Debug|Any CPU
		{2647F2B5-C6C0-4E6B-8983-5EC307957C68}.Debug|Any CPU.Build.0 = Debug|Any CPU
		{2647F2B5-C6C0-4E6B-8983-5EC307957C68}.Release|Any CPU.ActiveCfg = Release|Any CPU
		{2647F2B5-C6C0-4E6B-8983-5EC307957C68}.Release|Any CPU.Build.0 = Release|Any CPU
	EndGlobalSection
	GlobalSection(SolutionProperties) = preSolution
		HideSolutionNode = FALSE
	EndGlobalSection
	GlobalSection(ExtensibilityGlobals) = postSolution
		SolutionGuid = {9D3CCB7A-137B-471B-A76F-B8A477E7FCE7}
	EndGlobalSection
EndGlobal
