
Microsoft Visual Studio Solution File, Format Version 12.00
# Visual Studio Version 16
VisualStudioVersion = 16.0.29926.136
MinimumVisualStudioVersion = 10.0.40219.1
Project("{FAE04EC0-301F-11D3-BF4B-00C04F79EFBC}") = "Web", "Web\Web.csproj", "{0E71E4B9-5060-43E6-B894-C59A977E72AA}"
EndProject
Global
	GlobalSection(SolutionConfigurationPlatforms) = preSolution
		Debug|Any CPU = Debug|Any CPU
		Release|Any CPU = Release|Any CPU
	EndGlobalSection
	GlobalSection(ProjectConfigurationPlatforms) = postSolution
		{0E71E4B9-5060-43E6-B894-C59A977E72AA}.Debug|Any CPU.ActiveCfg = Debug|Any CPU
		{0E71E4B9-5060-43E6-B894-C59A977E72AA}.Debug|Any CPU.Build.0 = Debug|Any CPU
		{0E71E4B9-5060-43E6-B894-C59A977E72AA}.Release|Any CPU.ActiveCfg = Release|Any CPU
		{0E71E4B9-5060-43E6-B894-C59A977E72AA}.Release|Any CPU.Build.0 = Release|Any CPU
	EndGlobalSection
	GlobalSection(SolutionProperties) = preSolution
		HideSolutionNode = FALSE
	EndGlobalSection
	GlobalSection(ExtensibilityGlobals) = postSolution
		SolutionGuid = {BC9B14B5-EBF9-4BA0-9845-FCAF113D0B61}
	EndGlobalSection
EndGlobal
